
Microsoft Visual Studio Solution File, Format Version 12.00
# Visual Studio 2013
VisualStudioVersion = 12.0.31101.0
MinimumVisualStudioVersion = 10.0.40219.1
Project("{F184B08F-C81C-45F6-A57F-5ABD9991F28F}") = "RollRat File Line Counter", "RollRat File Line Counter\RollRat File Line Counter.vbproj", "{A4C8E1A7-7DD7-490E-9CDB-80BCC07A9D0B}"
EndProject
Global
	GlobalSection(SolutionConfigurationPlatforms) = preSolution
		Debug|Any CPU = Debug|Any CPU
		Release|Any CPU = Release|Any CPU
	EndGlobalSection
	GlobalSection(ProjectConfigurationPlatforms) = postSolution
		{A4C8E1A7-7DD7-490E-9CDB-80BCC07A9D0B}.Debug|Any CPU.ActiveCfg = Debug|Any CPU
		{A4C8E1A7-7DD7-490E-9CDB-80BCC07A9D0B}.Debug|Any CPU.Build.0 = Debug|Any CPU
		{A4C8E1A7-7DD7-490E-9CDB-80BCC07A9D0B}.Release|Any CPU.ActiveCfg = Release|Any CPU
		{A4C8E1A7-7DD7-490E-9CDB-80BCC07A9D0B}.Release|Any CPU.Build.0 = Release|Any CPU
	EndGlobalSection
	GlobalSection(SolutionProperties) = preSolution
		HideSolutionNode = FALSE
	EndGlobalSection
EndGlobal
